
Microsoft Visual Studio Solution File, Format Version 12.00
# Visual Studio Version 17
VisualStudioVersion = 17.0.31903.59
MinimumVisualStudioVersion = 10.0.40219.1
Project("{2150E333-8FDC-42A3-9474-1A3956D46DE8}") = "src", "src", "{DCED5878-1211-4B99-9E61-3E5AE5D4392F}"
EndProject
Project("{FAE04EC0-301F-11D3-BF4B-00C04F79EFBC}") = "UnityPackageScanner.Core", "src\UnityPackageScanner.Core\UnityPackageScanner.Core.csproj", "{C5DFAC62-5008-476E-90A3-51AA2954075A}"
EndProject
Project("{FAE04EC0-301F-11D3-BF4B-00C04F79EFBC}") = "UnityPackageScanner.Rules", "src\UnityPackageScanner.Rules\UnityPackageScanner.Rules.csproj", "{5E1E221D-E701-4BB7-8D97-470114B9C250}"
EndProject
Project("{FAE04EC0-301F-11D3-BF4B-00C04F79EFBC}") = "UnityPackageScanner.Cli", "src\UnityPackageScanner.Cli\UnityPackageScanner.Cli.csproj", "{69A53F70-D054-4485-A147-EF07A3832E87}"
EndProject
Project("{FAE04EC0-301F-11D3-BF4B-00C04F79EFBC}") = "UnityPackageScanner.UI", "src\UnityPackageScanner.UI\UnityPackageScanner.UI.csproj", "{C7439049-0D78-42C0-BAB1-4F7F099A8543}"
EndProject
Project("{FAE04EC0-301F-11D3-BF4B-00C04F79EFBC}") = "UnityPackageScanner.TestFixtures", "src\UnityPackageScanner.TestFixtures\UnityPackageScanner.TestFixtures.csproj", "{805FB8F6-0387-46F6-8396-5FC9433009D6}"
EndProject
Project("{2150E333-8FDC-42A3-9474-1A3956D46DE8}") = "tests", "tests", "{85E35E53-A57A-438E-A7B3-D68502FC413F}"
EndProject
Project("{FAE04EC0-301F-11D3-BF4B-00C04F79EFBC}") = "UnityPackageScanner.Tests", "tests\UnityPackageScanner.Tests\UnityPackageScanner.Tests.csproj", "{0F9D3471-D732-4505-9C48-8685EA036057}"
EndProject
Project("{2150E333-8FDC-42A3-9474-1A3956D46DE8}") = "tools", "tools", "{96D82E30-3C69-4A3C-B1A0-AE54A62530AA}"
EndProject
Project("{FAE04EC0-301F-11D3-BF4B-00C04F79EFBC}") = "RulesDocGenerator", "tools\RulesDocGenerator\RulesDocGenerator.csproj", "{59CE5604-193D-4D90-845B-55B33B624253}"
EndProject
Global
	GlobalSection(SolutionConfigurationPlatforms) = preSolution
		Debug|Any CPU = Debug|Any CPU
		Release|Any CPU = Release|Any CPU
	EndGlobalSection
	GlobalSection(SolutionProperties) = preSolution
		HideSolutionNode = FALSE
	EndGlobalSection
	GlobalSection(ProjectConfigurationPlatforms) = postSolution
		{C5DFAC62-5008-476E-90A3-51AA2954075A}.Debug|Any CPU.ActiveCfg = Debug|Any CPU
		{C5DFAC62-5008-476E-90A3-51AA2954075A}.Debug|Any CPU.Build.0 = Debug|Any CPU
		{C5DFAC62-5008-476E-90A3-51AA2954075A}.Release|Any CPU.ActiveCfg = Release|Any CPU
		{C5DFAC62-5008-476E-90A3-51AA2954075A}.Release|Any CPU.Build.0 = Release|Any CPU
		{5E1E221D-E701-4BB7-8D97-470114B9C250}.Debug|Any CPU.ActiveCfg = Debug|Any CPU
		{5E1E221D-E701-4BB7-8D97-470114B9C250}.Debug|Any CPU.Build.0 = Debug|Any CPU
		{5E1E221D-E701-4BB7-8D97-470114B9C250}.Release|Any CPU.ActiveCfg = Release|Any CPU
		{5E1E221D-E701-4BB7-8D97-470114B9C250}.Release|Any CPU.Build.0 = Release|Any CPU
		{69A53F70-D054-4485-A147-EF07A3832E87}.Debug|Any CPU.ActiveCfg = Debug|Any CPU
		{69A53F70-D054-4485-A147-EF07A3832E87}.Debug|Any CPU.Build.0 = Debug|Any CPU
		{69A53F70-D054-4485-A147-EF07A3832E87}.Release|Any CPU.ActiveCfg = Release|Any CPU
		{69A53F70-D054-4485-A147-EF07A3832E87}.Release|Any CPU.Build.0 = Release|Any CPU
		{C7439049-0D78-42C0-BAB1-4F7F099A8543}.Debug|Any CPU.ActiveCfg = Debug|Any CPU
		{C7439049-0D78-42C0-BAB1-4F7F099A8543}.Debug|Any CPU.Build.0 = Debug|Any CPU
		{C7439049-0D78-42C0-BAB1-4F7F099A8543}.Release|Any CPU.ActiveCfg = Release|Any CPU
		{C7439049-0D78-42C0-BAB1-4F7F099A8543}.Release|Any CPU.Build.0 = Release|Any CPU
		{805FB8F6-0387-46F6-8396-5FC9433009D6}.Debug|Any CPU.ActiveCfg = Debug|Any CPU
		{805FB8F6-0387-46F6-8396-5FC9433009D6}.Debug|Any CPU.Build.0 = Debug|Any CPU
		{805FB8F6-0387-46F6-8396-5FC9433009D6}.Release|Any CPU.ActiveCfg = Release|Any CPU
		{805FB8F6-0387-46F6-8396-5FC9433009D6}.Release|Any CPU.Build.0 = Release|Any CPU
		{0F9D3471-D732-4505-9C48-8685EA036057}.Debug|Any CPU.ActiveCfg = Debug|Any CPU
		{0F9D3471-D732-4505-9C48-8685EA036057}.Debug|Any CPU.Build.0 = Debug|Any CPU
		{0F9D3471-D732-4505-9C48-8685EA036057}.Release|Any CPU.ActiveCfg = Release|Any CPU
		{0F9D3471-D732-4505-9C48-8685EA036057}.Release|Any CPU.Build.0 = Release|Any CPU
		{59CE5604-193D-4D90-845B-55B33B624253}.Debug|Any CPU.ActiveCfg = Debug|Any CPU
		{59CE5604-193D-4D90-845B-55B33B624253}.Debug|Any CPU.Build.0 = Debug|Any CPU
		{59CE5604-193D-4D90-845B-55B33B624253}.Release|Any CPU.ActiveCfg = Release|Any CPU
		{59CE5604-193D-4D90-845B-55B33B624253}.Release|Any CPU.Build.0 = Release|Any CPU
	EndGlobalSection
	GlobalSection(NestedProjects) = preSolution
		{C5DFAC62-5008-476E-90A3-51AA2954075A} = {DCED5878-1211-4B99-9E61-3E5AE5D4392F}
		{5E1E221D-E701-4BB7-8D97-470114B9C250} = {DCED5878-1211-4B99-9E61-3E5AE5D4392F}
		{69A53F70-D054-4485-A147-EF07A3832E87} = {DCED5878-1211-4B99-9E61-3E5AE5D4392F}
		{C7439049-0D78-42C0-BAB1-4F7F099A8543} = {DCED5878-1211-4B99-9E61-3E5AE5D4392F}
		{805FB8F6-0387-46F6-8396-5FC9433009D6} = {DCED5878-1211-4B99-9E61-3E5AE5D4392F}
		{0F9D3471-D732-4505-9C48-8685EA036057} = {85E35E53-A57A-438E-A7B3-D68502FC413F}
		{59CE5604-193D-4D90-845B-55B33B624253} = {96D82E30-3C69-4A3C-B1A0-AE54A62530AA}
	EndGlobalSection
EndGlobal
